
Microsoft Visual Studio Solution File, Format Version 12.00
# Visual Studio 2013
VisualStudioVersion = 12.0.21005.1
MinimumVisualStudioVersion = 10.0.40219.1
Project("{FAE04EC0-301F-11D3-BF4B-00C04F79EFBC}") = "SqlBulkCopy", "SqlBulkCopy\SqlBulkCopy.csproj", "{2C3E4698-5578-41C3-B7A1-CA9F6EE1ACEB}"
EndProject
Project("{FAE04EC0-301F-11D3-BF4B-00C04F79EFBC}") = "SqlBulkCopyTests", "SqlBulkCopyTests\SqlBulkCopyTests.csproj", "{EC7FC09A-E863-422E-A555-B6E73E832875}"
EndProject
Project("{2150E333-8FDC-42A3-9474-1A3956D46DE8}") = ".nuget", ".nuget", "{E7D9BEFC-7E13-4A99-A53D-F720AFF958A6}"
	ProjectSection(SolutionItems) = preProject
		.nuget\NuGet.Config = .nuget\NuGet.Config
		.nuget\NuGet.exe = .nuget\NuGet.exe
		.nuget\NuGet.targets = .nuget\NuGet.targets
	EndProjectSection
EndProject
Global
	GlobalSection(SolutionConfigurationPlatforms) = preSolution
		Debug|Any CPU = Debug|Any CPU
		Release|Any CPU = Release|Any CPU
	EndGlobalSection
	GlobalSection(ProjectConfigurationPlatforms) = postSolution
		{2C3E4698-5578-41C3-B7A1-CA9F6EE1ACEB}.Debug|Any CPU.ActiveCfg = Debug|Any CPU
		{2C3E4698-5578-41C3-B7A1-CA9F6EE1ACEB}.Debug|Any CPU.Build.0 = Debug|Any CPU
		{2C3E4698-5578-41C3-B7A1-CA9F6EE1ACEB}.Release|Any CPU.ActiveCfg = Release|Any CPU
		{2C3E4698-5578-41C3-B7A1-CA9F6EE1ACEB}.Release|Any CPU.Build.0 = Release|Any CPU
		{EC7FC09A-E863-422E-A555-B6E73E832875}.Debug|Any CPU.ActiveCfg = Debug|Any CPU
		{EC7FC09A-E863-422E-A555-B6E73E832875}.Debug|Any CPU.Build.0 = Debug|Any CPU
		{EC7FC09A-E863-422E-A555-B6E73E832875}.Release|Any CPU.ActiveCfg = Release|Any CPU
		{EC7FC09A-E863-422E-A555-B6E73E832875}.Release|Any CPU.Build.0 = Release|Any CPU
	EndGlobalSection
	GlobalSection(SolutionProperties) = preSolution
		HideSolutionNode = FALSE
	EndGlobalSection
EndGlobal
